<?xml version="1.0" encoding="utf-8"?>
<Project ToolsVersion="4.0" xmlns="http://schemas.microsoft.com/developer/msbuild/2003">
  <ItemGroup>
    <Filter Include="build">
      <UniqueIdentifier>{1535d84c-3a6e-47e7-ac29-be88e042a049}</UniqueIdentifier>
    </Filter>
    <Filter Include="Header Files">
      <UniqueIdentifier>{302a9c76-bd1f-4ccc-9189-9aea8686ce8d}</UniqueIdentifier>
      <Extensions>h;hh;hpp;hxx;hm;inl;inc;xsd</Extensions>
    </Filter>
    <Filter Include="Source Files">
      <UniqueIdentifier>{e70582e1-e6af-4bde-9881-706dd6704a4f}</UniqueIdentifier>
      <Extensions>cpp;c;cc;cxx;def;odl;idl;hpj;bat;asm;asmx</Extensions>
    </Filter>
  </ItemGroup>
  <ItemGroup>
    <ClInclude Include="ipc_message.h">
      <Filter>Source Files</Filter>
    </ClInclude>
    <ClInclude Include="stdafx.h">
      <Filter>build</Filter>
    </ClInclude>
    <ClInclude Include="ipc_endpoint.h">
      <Filter>Source Files</Filter>
    </ClInclude>
    <ClInclude Include="ipc_utils.h">
      <Filter>Header Files</Filter>
    </ClInclude>
    <ClInclude Include="ipc_thread.h">
      <Filter>Header Files</Filter>
    </ClInclude>
    <ClInclude Include="ipc_sender.h">
      <Filter>Header Files</Filter>
    </ClInclude>
    <ClInclude Include="ipc_listener.h">
      <Filter>Header Files</Filter>
    </ClInclude>
    <ClInclude Include="ipc_common.h">
      <Filter>Header Files</Filter>
    </ClInclude>
    <ClInclude Include="ipc_channel_reader.h">
      <Filter>Header Files</Filter>
    </ClInclude>
    <ClInclude Include="ipc_channel_handle.h">
      <Filter>Header Files</Filter>
    </ClInclude>
    <ClInclude Include="ipc_channel.h">
      <Filter>Header Files</Filter>
    </ClInclude>
    <ClInclude Include="ipc_interface.h">
      <Filter>Header Files</Filter>
    </ClInclude>
  </ItemGroup>
  <ItemGroup>
    <ClCompile Include="ipc_utils.cpp">
      <Filter>Source Files</Filter>
    </ClCompile>
    <ClCompile Include="ipc_thread.cpp">
      <Filter>Source Files</Filter>
    </ClCompile>
    <ClCompile Include="ipc_message.cpp">
      <Filter>Source Files</Filter>
    </ClCompile>
    <ClCompile Include="ipc_channel_reader.cpp">
      <Filter>Source Files</Filter>
    </ClCompile>
    <ClCompile Include="stdafx.cpp">
      <Filter>build</Filter>
    </ClCompile>
    <ClCompile Include="ipc_endpoint.cpp">
      <Filter>Source Files</Filter>
    </ClCompile>
    <ClCompile Include="ipc_channel.cpp">
      <Filter>Source Files</Filter>
    </ClCompile>
  </ItemGroup>
</Project>